
Microsoft Visual Studio Solution File, Format Version 12.00
# Visual Studio 15
Project("{2150E333-8FDC-42A3-9474-1A3956D46DE8}") = "Domain Layer", "Domain Layer", "{7733F8A7-94BE-4D69-9CCC-9FDC3AC5DEA8}"
EndProject
Project("{2150E333-8FDC-42A3-9474-1A3956D46DE8}") = "Bussiness Layer", "Bussiness Layer", "{EB9F6A77-BFD2-495F-8385-AF425A4EEBE6}"
EndProject
Project("{2150E333-8FDC-42A3-9474-1A3956D46DE8}") = "Extensions", "Extensions", "{F332B126-F107-4375-8E4C-C66D058971BB}"
EndProject
Project("{2150E333-8FDC-42A3-9474-1A3956D46DE8}") = "Presentation Layer", "Presentation Layer", "{12EA0D97-33C2-4E63-856C-BA782D90556E}"
EndProject
Project("{2150E333-8FDC-42A3-9474-1A3956D46DE8}") = "Test", "Test", "{6F759A5B-9082-40BD-8298-2BEC95B0209C}"
EndProject
Project("{FAE04EC0-301F-11D3-BF4B-00C04F79EFBC}") = "Ecom.Domain", "Ecom.Domain\Ecom.Domain.csproj", "{3DC17304-DAE0-4BED-ACFA-4C2EB7EF9EBE}"
EndProject
Project("{2150E333-8FDC-42A3-9474-1A3956D46DE8}") = "Data Layer", "Data Layer", "{8E1DA45F-EA26-46DB-8FC9-1E700E56F106}"
EndProject
Project("{FAE04EC0-301F-11D3-BF4B-00C04F79EFBC}") = "Ecom.Data", "Ecom.Data\Ecom.Data.csproj", "{A358CB2A-621D-4DDD-97E5-FBD03D34D551}"
EndProject
Project("{FAE04EC0-301F-11D3-BF4B-00C04F79EFBC}") = "Ecom.Client.Test", "Ecom.Client.Test\Ecom.Client.Test.csproj", "{D6834C7C-B9F7-4691-A3EB-9683709DBBD6}"
EndProject
Project("{FAE04EC0-301F-11D3-BF4B-00C04F79EFBC}") = "Ecom.BLL", "Ecom.BLL\Ecom.BLL.csproj", "{FE88281A-D560-402D-884A-CAEE9B85192A}"
EndProject
Project("{FAE04EC0-301F-11D3-BF4B-00C04F79EFBC}") = "Ecom.Web.Client", "Ecom.Web.Client\Ecom.Web.Client.csproj", "{3D84CA7D-F550-4CB0-9721-21CBCC1B737A}"
EndProject
Global
	GlobalSection(SolutionConfigurationPlatforms) = preSolution
		Debug|Any CPU = Debug|Any CPU
		Release|Any CPU = Release|Any CPU
	EndGlobalSection
	GlobalSection(ProjectConfigurationPlatforms) = postSolution
		{3DC17304-DAE0-4BED-ACFA-4C2EB7EF9EBE}.Debug|Any CPU.ActiveCfg = Debug|Any CPU
		{3DC17304-DAE0-4BED-ACFA-4C2EB7EF9EBE}.Debug|Any CPU.Build.0 = Debug|Any CPU
		{3DC17304-DAE0-4BED-ACFA-4C2EB7EF9EBE}.Release|Any CPU.ActiveCfg = Release|Any CPU
		{3DC17304-DAE0-4BED-ACFA-4C2EB7EF9EBE}.Release|Any CPU.Build.0 = Release|Any CPU
		{A358CB2A-621D-4DDD-97E5-FBD03D34D551}.Debug|Any CPU.ActiveCfg = Debug|Any CPU
		{A358CB2A-621D-4DDD-97E5-FBD03D34D551}.Debug|Any CPU.Build.0 = Debug|Any CPU
		{A358CB2A-621D-4DDD-97E5-FBD03D34D551}.Release|Any CPU.ActiveCfg = Release|Any CPU
		{A358CB2A-621D-4DDD-97E5-FBD03D34D551}.Release|Any CPU.Build.0 = Release|Any CPU
		{D6834C7C-B9F7-4691-A3EB-9683709DBBD6}.Debug|Any CPU.ActiveCfg = Debug|Any CPU
		{D6834C7C-B9F7-4691-A3EB-9683709DBBD6}.Debug|Any CPU.Build.0 = Debug|Any CPU
		{D6834C7C-B9F7-4691-A3EB-9683709DBBD6}.Release|Any CPU.ActiveCfg = Release|Any CPU
		{D6834C7C-B9F7-4691-A3EB-9683709DBBD6}.Release|Any CPU.Build.0 = Release|Any CPU
		{FE88281A-D560-402D-884A-CAEE9B85192A}.Debug|Any CPU.ActiveCfg = Debug|Any CPU
		{FE88281A-D560-402D-884A-CAEE9B85192A}.Debug|Any CPU.Build.0 = Debug|Any CPU
		{FE88281A-D560-402D-884A-CAEE9B85192A}.Release|Any CPU.ActiveCfg = Release|Any CPU
		{FE88281A-D560-402D-884A-CAEE9B85192A}.Release|Any CPU.Build.0 = Release|Any CPU
		{3D84CA7D-F550-4CB0-9721-21CBCC1B737A}.Debug|Any CPU.ActiveCfg = Debug|Any CPU
		{3D84CA7D-F550-4CB0-9721-21CBCC1B737A}.Debug|Any CPU.Build.0 = Debug|Any CPU
		{3D84CA7D-F550-4CB0-9721-21CBCC1B737A}.Release|Any CPU.ActiveCfg = Release|Any CPU
		{3D84CA7D-F550-4CB0-9721-21CBCC1B737A}.Release|Any CPU.Build.0 = Release|Any CPU
	EndGlobalSection
	GlobalSection(NestedProjects) = preSolution
		{3DC17304-DAE0-4BED-ACFA-4C2EB7EF9EBE} = {7733F8A7-94BE-4D69-9CCC-9FDC3AC5DEA8}
		{A358CB2A-621D-4DDD-97E5-FBD03D34D551} = {8E1DA45F-EA26-46DB-8FC9-1E700E56F106}
		{D6834C7C-B9F7-4691-A3EB-9683709DBBD6} = {6F759A5B-9082-40BD-8298-2BEC95B0209C}
		{FE88281A-D560-402D-884A-CAEE9B85192A} = {EB9F6A77-BFD2-495F-8385-AF425A4EEBE6}
		{3D84CA7D-F550-4CB0-9721-21CBCC1B737A} = {12EA0D97-33C2-4E63-856C-BA782D90556E}
	EndGlobalSection
EndGlobal
